
Microsoft Visual Studio Solution File, Format Version 12.00
# Visual Studio 15
VisualStudioVersion = 15.0.27130.2020
MinimumVisualStudioVersion = 10.0.40219.1
Project("{FAE04EC0-301F-11D3-BF4B-00C04F79EFBC}") = "AnimatedSplashScreens", "AnimatedSplashScreens\AnimatedSplashScreens.csproj", "{4DFA6B2E-ED8C-4441-B357-8FC8FE14A13E}"
EndProject
Global
	GlobalSection(SolutionConfigurationPlatforms) = preSolution
		Debug|Any CPU = Debug|Any CPU
		Release|Any CPU = Release|Any CPU
	EndGlobalSection
	GlobalSection(ProjectConfigurationPlatforms) = postSolution
		{4DFA6B2E-ED8C-4441-B357-8FC8FE14A13E}.Debug|Any CPU.ActiveCfg = Debug|Any CPU
		{4DFA6B2E-ED8C-4441-B357-8FC8FE14A13E}.Debug|Any CPU.Build.0 = Debug|Any CPU
		{4DFA6B2E-ED8C-4441-B357-8FC8FE14A13E}.Release|Any CPU.ActiveCfg = Release|Any CPU
		{4DFA6B2E-ED8C-4441-B357-8FC8FE14A13E}.Release|Any CPU.Build.0 = Release|Any CPU
	EndGlobalSection
	GlobalSection(SolutionProperties) = preSolution
		HideSolutionNode = FALSE
	EndGlobalSection
	GlobalSection(ExtensibilityGlobals) = postSolution
		SolutionGuid = {A6B05268-76F5-4951-AE3E-E27B1B419CA1}
	EndGlobalSection
EndGlobal
